
Microsoft Visual Studio Solution File, Format Version 12.00
# Visual Studio Version 17
VisualStudioVersion = 17.7.34018.315
MinimumVisualStudioVersion = 10.0.40219.1
Project("{2150E333-8FDC-42A3-9474-1A3956D46DE8}") = "framework", "framework", "{E105E544-0A9A-429A-B6F2-0D9930EEE5BB}"
EndProject
Project("{2150E333-8FDC-42A3-9474-1A3956D46DE8}") = "renv", "renv", "{7CA4C2D5-4615-4CDB-BC57-A48CE3D3DE52}"
EndProject
Project("{2150E333-8FDC-42A3-9474-1A3956D46DE8}") = "data", "data", "{D7C28140-F61C-4184-9C0A-33E6EAE9FD42}"
EndProject
Project("{2150E333-8FDC-42A3-9474-1A3956D46DE8}") = "signals", "signals", "{438FAC40-0D96-4E29-8065-4077660C49C4}"
EndProject
Project("{778DAE3C-4631-46EA-AA77-85C1314464D9}") = "Core", "..\GCModeller\src\runtime\sciBASIC#\Microsoft.VisualBasic.Core\src\Core.vbproj", "{744C233D-7B9D-437E-A154-49AF3EE9C5ED}"
EndProject
Project("{778DAE3C-4631-46EA-AA77-85C1314464D9}") = "Math.NET5", "..\GCModeller\src\runtime\sciBASIC#\Data_science\Mathematica\Math\Math\Math.NET5.vbproj", "{0F9FBA3A-D374-4BF1-8E96-0B02C0B4533E}"
EndProject
Project("{778DAE3C-4631-46EA-AA77-85C1314464D9}") = "voyager-1", "src\voyager-1.vbproj", "{B8506457-E132-4E0C-9117-038D9AF2CDEB}"
EndProject
Project("{778DAE3C-4631-46EA-AA77-85C1314464D9}") = "Rsharp-netcore5", "..\GCModeller\src\R-sharp\R#\Rsharp-netcore5.vbproj", "{82AAE6C5-48E4-453A-944D-49465BFD811B}"
EndProject
Project("{778DAE3C-4631-46EA-AA77-85C1314464D9}") = "R-cmd.NET5", "..\GCModeller\src\R-sharp\studio\R-terminal\R-cmd.NET5.vbproj", "{D1F13A3A-98B7-47CF-A3E0-88526DDFA81C}"
EndProject
Project("{D954291E-2A0B-460D-934E-DC6B0785DB48}") = "R_graphic.interop", "..\GCModeller\src\R-sharp\Library\shares\R_graphic.interop\R_graphic.interop.shproj", "{53AF2B13-CCD5-4F73-94D5-612191E785A9}"
EndProject
Project("{D954291E-2A0B-460D-934E-DC6B0785DB48}") = "R_plot.interop", "..\GCModeller\src\R-sharp\Library\shares\R_plot.interop\R_plot.interop.shproj", "{3DB4F673-68C2-41EA-B7DC-8CAF8BAB574D}"
EndProject
Project("{778DAE3C-4631-46EA-AA77-85C1314464D9}") = "html_netcore5", "..\GCModeller\src\runtime\sciBASIC#\mime\text%html\html_netcore5.vbproj", "{98089098-45F1-40D3-955B-E32ED8D8689F}"
EndProject
Project("{778DAE3C-4631-46EA-AA77-85C1314464D9}") = "imaging.NET5", "..\GCModeller\src\runtime\sciBASIC#\gr\Microsoft.VisualBasic.Imaging\imaging.NET5.vbproj", "{1F5052D4-E688-4095-847D-67B7BF01039C}"
EndProject
Project("{778DAE3C-4631-46EA-AA77-85C1314464D9}") = "waveFile-netcore5", "..\GCModeller\src\runtime\sciBASIC#\Data_science\Mathematica\SignalProcessing\wav\wav\waveFile-netcore5.vbproj", "{AC6DCCB7-DAB0-43DE-9DA8-69368BE36305}"
EndProject
Project("{778DAE3C-4631-46EA-AA77-85C1314464D9}") = "binarydata-netcore5", "..\GCModeller\src\runtime\sciBASIC#\Data\BinaryData\BinaryData\binarydata-netcore5.vbproj", "{6E51A4D5-82A0-464E-8C75-FE733B905866}"
EndProject
Project("{2150E333-8FDC-42A3-9474-1A3956D46DE8}") = "graphics", "graphics", "{BEBD89F5-6AD3-4724-8CEB-603AC5507E3F}"
EndProject
Global
	GlobalSection(SolutionConfigurationPlatforms) = preSolution
		Debug|Any CPU = Debug|Any CPU
		Debug|x64 = Debug|x64
		Debug|x86 = Debug|x86
		Docker|Any CPU = Docker|Any CPU
		Docker|x64 = Docker|x64
		Docker|x86 = Docker|x86
		gcmodeller_desktop|Any CPU = gcmodeller_desktop|Any CPU
		gcmodeller_desktop|x64 = gcmodeller_desktop|x64
		gcmodeller_desktop|x86 = gcmodeller_desktop|x86
		LipidSearch|Any CPU = LipidSearch|Any CPU
		LipidSearch|x64 = LipidSearch|x64
		LipidSearch|x86 = LipidSearch|x86
		mzkit_win32|Any CPU = mzkit_win32|Any CPU
		mzkit_win32|x64 = mzkit_win32|x64
		mzkit_win32|x86 = mzkit_win32|x86
		mzkit|Any CPU = mzkit|Any CPU
		mzkit|x64 = mzkit|x64
		mzkit|x86 = mzkit|x86
		NPSearch|Any CPU = NPSearch|Any CPU
		NPSearch|x64 = NPSearch|x64
		NPSearch|x86 = NPSearch|x86
		PlantMAT|Any CPU = PlantMAT|Any CPU
		PlantMAT|x64 = PlantMAT|x64
		PlantMAT|x86 = PlantMAT|x86
		Release|Any CPU = Release|Any CPU
		Release|x64 = Release|x64
		Release|x86 = Release|x86
		Rsharp_app_release|Any CPU = Rsharp_app_release|Any CPU
		Rsharp_app_release|x64 = Rsharp_app_release|x64
		Rsharp_app_release|x86 = Rsharp_app_release|x86
	EndGlobalSection
	GlobalSection(ProjectConfigurationPlatforms) = postSolution
		{744C233D-7B9D-437E-A154-49AF3EE9C5ED}.Debug|Any CPU.ActiveCfg = Debug|Any CPU
		{744C233D-7B9D-437E-A154-49AF3EE9C5ED}.Debug|Any CPU.Build.0 = Debug|Any CPU
		{744C233D-7B9D-437E-A154-49AF3EE9C5ED}.Debug|x64.ActiveCfg = Debug|x64
		{744C233D-7B9D-437E-A154-49AF3EE9C5ED}.Debug|x64.Build.0 = Debug|x64
		{744C233D-7B9D-437E-A154-49AF3EE9C5ED}.Debug|x86.ActiveCfg = Debug|x86
		{744C233D-7B9D-437E-A154-49AF3EE9C5ED}.Debug|x86.Build.0 = Debug|x86
		{744C233D-7B9D-437E-A154-49AF3EE9C5ED}.Docker|Any CPU.ActiveCfg = Docker|Any CPU
		{744C233D-7B9D-437E-A154-49AF3EE9C5ED}.Docker|Any CPU.Build.0 = Docker|Any CPU
		{744C233D-7B9D-437E-A154-49AF3EE9C5ED}.Docker|x64.ActiveCfg = Docker|x64
		{744C233D-7B9D-437E-A154-49AF3EE9C5ED}.Docker|x64.Build.0 = Docker|x64
		{744C233D-7B9D-437E-A154-49AF3EE9C5ED}.Docker|x86.ActiveCfg = Docker|x86
		{744C233D-7B9D-437E-A154-49AF3EE9C5ED}.Docker|x86.Build.0 = Docker|x86
		{744C233D-7B9D-437E-A154-49AF3EE9C5ED}.gcmodeller_desktop|Any CPU.ActiveCfg = gcmodeller_desktop|Any CPU
		{744C233D-7B9D-437E-A154-49AF3EE9C5ED}.gcmodeller_desktop|Any CPU.Build.0 = gcmodeller_desktop|Any CPU
		{744C233D-7B9D-437E-A154-49AF3EE9C5ED}.gcmodeller_desktop|x64.ActiveCfg = gcmodeller_desktop|x64
		{744C233D-7B9D-437E-A154-49AF3EE9C5ED}.gcmodeller_desktop|x64.Build.0 = gcmodeller_desktop|x64
		{744C233D-7B9D-437E-A154-49AF3EE9C5ED}.gcmodeller_desktop|x86.ActiveCfg = gcmodeller_desktop|x86
		{744C233D-7B9D-437E-A154-49AF3EE9C5ED}.gcmodeller_desktop|x86.Build.0 = gcmodeller_desktop|x86
		{744C233D-7B9D-437E-A154-49AF3EE9C5ED}.LipidSearch|Any CPU.ActiveCfg = LipidSearch|Any CPU
		{744C233D-7B9D-437E-A154-49AF3EE9C5ED}.LipidSearch|Any CPU.Build.0 = LipidSearch|Any CPU
		{744C233D-7B9D-437E-A154-49AF3EE9C5ED}.LipidSearch|x64.ActiveCfg = LipidSearch|x64
		{744C233D-7B9D-437E-A154-49AF3EE9C5ED}.LipidSearch|x64.Build.0 = LipidSearch|x64
		{744C233D-7B9D-437E-A154-49AF3EE9C5ED}.LipidSearch|x86.ActiveCfg = LipidSearch|x86
		{744C233D-7B9D-437E-A154-49AF3EE9C5ED}.LipidSearch|x86.Build.0 = LipidSearch|x86
		{744C233D-7B9D-437E-A154-49AF3EE9C5ED}.mzkit_win32|Any CPU.ActiveCfg = mzkit_win32|Any CPU
		{744C233D-7B9D-437E-A154-49AF3EE9C5ED}.mzkit_win32|Any CPU.Build.0 = mzkit_win32|Any CPU
		{744C233D-7B9D-437E-A154-49AF3EE9C5ED}.mzkit_win32|x64.ActiveCfg = mzkit_win32|x64
		{744C233D-7B9D-437E-A154-49AF3EE9C5ED}.mzkit_win32|x64.Build.0 = mzkit_win32|x64
		{744C233D-7B9D-437E-A154-49AF3EE9C5ED}.mzkit_win32|x86.ActiveCfg = mzkit_win32|x86
		{744C233D-7B9D-437E-A154-49AF3EE9C5ED}.mzkit_win32|x86.Build.0 = mzkit_win32|x86
		{744C233D-7B9D-437E-A154-49AF3EE9C5ED}.mzkit|Any CPU.ActiveCfg = mzkit|Any CPU
		{744C233D-7B9D-437E-A154-49AF3EE9C5ED}.mzkit|Any CPU.Build.0 = mzkit|Any CPU
		{744C233D-7B9D-437E-A154-49AF3EE9C5ED}.mzkit|x64.ActiveCfg = mzkit|x64
		{744C233D-7B9D-437E-A154-49AF3EE9C5ED}.mzkit|x64.Build.0 = mzkit|x64
		{744C233D-7B9D-437E-A154-49AF3EE9C5ED}.mzkit|x86.ActiveCfg = mzkit|x86
		{744C233D-7B9D-437E-A154-49AF3EE9C5ED}.mzkit|x86.Build.0 = mzkit|x86
		{744C233D-7B9D-437E-A154-49AF3EE9C5ED}.NPSearch|Any CPU.ActiveCfg = NPSearch|Any CPU
		{744C233D-7B9D-437E-A154-49AF3EE9C5ED}.NPSearch|Any CPU.Build.0 = NPSearch|Any CPU
		{744C233D-7B9D-437E-A154-49AF3EE9C5ED}.NPSearch|x64.ActiveCfg = NPSearch|x64
		{744C233D-7B9D-437E-A154-49AF3EE9C5ED}.NPSearch|x64.Build.0 = NPSearch|x64
		{744C233D-7B9D-437E-A154-49AF3EE9C5ED}.NPSearch|x86.ActiveCfg = NPSearch|x86
		{744C233D-7B9D-437E-A154-49AF3EE9C5ED}.NPSearch|x86.Build.0 = NPSearch|x86
		{744C233D-7B9D-437E-A154-49AF3EE9C5ED}.PlantMAT|Any CPU.ActiveCfg = PlantMAT|Any CPU
		{744C233D-7B9D-437E-A154-49AF3EE9C5ED}.PlantMAT|Any CPU.Build.0 = PlantMAT|Any CPU
		{744C233D-7B9D-437E-A154-49AF3EE9C5ED}.PlantMAT|x64.ActiveCfg = PlantMAT|x64
		{744C233D-7B9D-437E-A154-49AF3EE9C5ED}.PlantMAT|x64.Build.0 = PlantMAT|x64
		{744C233D-7B9D-437E-A154-49AF3EE9C5ED}.PlantMAT|x86.ActiveCfg = PlantMAT|x86
		{744C233D-7B9D-437E-A154-49AF3EE9C5ED}.PlantMAT|x86.Build.0 = PlantMAT|x86
		{744C233D-7B9D-437E-A154-49AF3EE9C5ED}.Release|Any CPU.ActiveCfg = Release|Any CPU
		{744C233D-7B9D-437E-A154-49AF3EE9C5ED}.Release|Any CPU.Build.0 = Release|Any CPU
		{744C233D-7B9D-437E-A154-49AF3EE9C5ED}.Release|x64.ActiveCfg = Release|x64
		{744C233D-7B9D-437E-A154-49AF3EE9C5ED}.Release|x64.Build.0 = Release|x64
		{744C233D-7B9D-437E-A154-49AF3EE9C5ED}.Release|x86.ActiveCfg = Release|x86
		{744C233D-7B9D-437E-A154-49AF3EE9C5ED}.Release|x86.Build.0 = Release|x86
		{744C233D-7B9D-437E-A154-49AF3EE9C5ED}.Rsharp_app_release|Any CPU.ActiveCfg = Rsharp_app_release|Any CPU
		{744C233D-7B9D-437E-A154-49AF3EE9C5ED}.Rsharp_app_release|Any CPU.Build.0 = Rsharp_app_release|Any CPU
		{744C233D-7B9D-437E-A154-49AF3EE9C5ED}.Rsharp_app_release|x64.ActiveCfg = Rsharp_app_release|x64
		{744C233D-7B9D-437E-A154-49AF3EE9C5ED}.Rsharp_app_release|x64.Build.0 = Rsharp_app_release|x64
		{744C233D-7B9D-437E-A154-49AF3EE9C5ED}.Rsharp_app_release|x86.ActiveCfg = Rsharp_app_release|x86
		{744C233D-7B9D-437E-A154-49AF3EE9C5ED}.Rsharp_app_release|x86.Build.0 = Rsharp_app_release|x86
		{0F9FBA3A-D374-4BF1-8E96-0B02C0B4533E}.Debug|Any CPU.ActiveCfg = Debug|Any CPU
		{0F9FBA3A-D374-4BF1-8E96-0B02C0B4533E}.Debug|Any CPU.Build.0 = Debug|Any CPU
		{0F9FBA3A-D374-4BF1-8E96-0B02C0B4533E}.Debug|x64.ActiveCfg = Debug|x64
		{0F9FBA3A-D374-4BF1-8E96-0B02C0B4533E}.Debug|x64.Build.0 = Debug|x64
		{0F9FBA3A-D374-4BF1-8E96-0B02C0B4533E}.Debug|x86.ActiveCfg = Debug|Any CPU
		{0F9FBA3A-D374-4BF1-8E96-0B02C0B4533E}.Debug|x86.Build.0 = Debug|Any CPU
		{0F9FBA3A-D374-4BF1-8E96-0B02C0B4533E}.Docker|Any CPU.ActiveCfg = Debug|Any CPU
		{0F9FBA3A-D374-4BF1-8E96-0B02C0B4533E}.Docker|Any CPU.Build.0 = Debug|Any CPU
		{0F9FBA3A-D374-4BF1-8E96-0B02C0B4533E}.Docker|x64.ActiveCfg = Debug|x64
		{0F9FBA3A-D374-4BF1-8E96-0B02C0B4533E}.Docker|x64.Build.0 = Debug|x64
		{0F9FBA3A-D374-4BF1-8E96-0B02C0B4533E}.Docker|x86.ActiveCfg = Debug|Any CPU
		{0F9FBA3A-D374-4BF1-8E96-0B02C0B4533E}.Docker|x86.Build.0 = Debug|Any CPU
		{0F9FBA3A-D374-4BF1-8E96-0B02C0B4533E}.gcmodeller_desktop|Any CPU.ActiveCfg = gcmodeller_desktop|Any CPU
		{0F9FBA3A-D374-4BF1-8E96-0B02C0B4533E}.gcmodeller_desktop|Any CPU.Build.0 = gcmodeller_desktop|Any CPU
		{0F9FBA3A-D374-4BF1-8E96-0B02C0B4533E}.gcmodeller_desktop|x64.ActiveCfg = gcmodeller_desktop|x64
		{0F9FBA3A-D374-4BF1-8E96-0B02C0B4533E}.gcmodeller_desktop|x64.Build.0 = gcmodeller_desktop|x64
		{0F9FBA3A-D374-4BF1-8E96-0B02C0B4533E}.gcmodeller_desktop|x86.ActiveCfg = gcmodeller_desktop|Any CPU
		{0F9FBA3A-D374-4BF1-8E96-0B02C0B4533E}.gcmodeller_desktop|x86.Build.0 = gcmodeller_desktop|Any CPU
		{0F9FBA3A-D374-4BF1-8E96-0B02C0B4533E}.LipidSearch|Any CPU.ActiveCfg = LipidSearch|Any CPU
		{0F9FBA3A-D374-4BF1-8E96-0B02C0B4533E}.LipidSearch|Any CPU.Build.0 = LipidSearch|Any CPU
		{0F9FBA3A-D374-4BF1-8E96-0B02C0B4533E}.LipidSearch|x64.ActiveCfg = LipidSearch|x64
		{0F9FBA3A-D374-4BF1-8E96-0B02C0B4533E}.LipidSearch|x64.Build.0 = LipidSearch|x64
		{0F9FBA3A-D374-4BF1-8E96-0B02C0B4533E}.LipidSearch|x86.ActiveCfg = LipidSearch|Any CPU
		{0F9FBA3A-D374-4BF1-8E96-0B02C0B4533E}.LipidSearch|x86.Build.0 = LipidSearch|Any CPU
		{0F9FBA3A-D374-4BF1-8E96-0B02C0B4533E}.mzkit_win32|Any CPU.ActiveCfg = mzkit_win32|Any CPU
		{0F9FBA3A-D374-4BF1-8E96-0B02C0B4533E}.mzkit_win32|Any CPU.Build.0 = mzkit_win32|Any CPU
		{0F9FBA3A-D374-4BF1-8E96-0B02C0B4533E}.mzkit_win32|x64.ActiveCfg = mzkit_win32|x64
		{0F9FBA3A-D374-4BF1-8E96-0B02C0B4533E}.mzkit_win32|x64.Build.0 = mzkit_win32|x64
		{0F9FBA3A-D374-4BF1-8E96-0B02C0B4533E}.mzkit_win32|x86.ActiveCfg = mzkit_win32|Any CPU
		{0F9FBA3A-D374-4BF1-8E96-0B02C0B4533E}.mzkit_win32|x86.Build.0 = mzkit_win32|Any CPU
		{0F9FBA3A-D374-4BF1-8E96-0B02C0B4533E}.mzkit|Any CPU.ActiveCfg = mzkit|Any CPU
		{0F9FBA3A-D374-4BF1-8E96-0B02C0B4533E}.mzkit|Any CPU.Build.0 = mzkit|Any CPU
		{0F9FBA3A-D374-4BF1-8E96-0B02C0B4533E}.mzkit|x64.ActiveCfg = mzkit|x64
		{0F9FBA3A-D374-4BF1-8E96-0B02C0B4533E}.mzkit|x64.Build.0 = mzkit|x64
		{0F9FBA3A-D374-4BF1-8E96-0B02C0B4533E}.mzkit|x86.ActiveCfg = mzkit|Any CPU
		{0F9FBA3A-D374-4BF1-8E96-0B02C0B4533E}.mzkit|x86.Build.0 = mzkit|Any CPU
		{0F9FBA3A-D374-4BF1-8E96-0B02C0B4533E}.NPSearch|Any CPU.ActiveCfg = NPSearch|Any CPU
		{0F9FBA3A-D374-4BF1-8E96-0B02C0B4533E}.NPSearch|Any CPU.Build.0 = NPSearch|Any CPU
		{0F9FBA3A-D374-4BF1-8E96-0B02C0B4533E}.NPSearch|x64.ActiveCfg = NPSearch|x64
		{0F9FBA3A-D374-4BF1-8E96-0B02C0B4533E}.NPSearch|x64.Build.0 = NPSearch|x64
		{0F9FBA3A-D374-4BF1-8E96-0B02C0B4533E}.NPSearch|x86.ActiveCfg = NPSearch|Any CPU
		{0F9FBA3A-D374-4BF1-8E96-0B02C0B4533E}.NPSearch|x86.Build.0 = NPSearch|Any CPU
		{0F9FBA3A-D374-4BF1-8E96-0B02C0B4533E}.PlantMAT|Any CPU.ActiveCfg = PlantMAT|Any CPU
		{0F9FBA3A-D374-4BF1-8E96-0B02C0B4533E}.PlantMAT|Any CPU.Build.0 = PlantMAT|Any CPU
		{0F9FBA3A-D374-4BF1-8E96-0B02C0B4533E}.PlantMAT|x64.ActiveCfg = PlantMAT|x64
		{0F9FBA3A-D374-4BF1-8E96-0B02C0B4533E}.PlantMAT|x64.Build.0 = PlantMAT|x64
		{0F9FBA3A-D374-4BF1-8E96-0B02C0B4533E}.PlantMAT|x86.ActiveCfg = PlantMAT|Any CPU
		{0F9FBA3A-D374-4BF1-8E96-0B02C0B4533E}.PlantMAT|x86.Build.0 = PlantMAT|Any CPU
		{0F9FBA3A-D374-4BF1-8E96-0B02C0B4533E}.Release|Any CPU.ActiveCfg = Release|Any CPU
		{0F9FBA3A-D374-4BF1-8E96-0B02C0B4533E}.Release|Any CPU.Build.0 = Release|Any CPU
		{0F9FBA3A-D374-4BF1-8E96-0B02C0B4533E}.Release|x64.ActiveCfg = Release|x64
		{0F9FBA3A-D374-4BF1-8E96-0B02C0B4533E}.Release|x64.Build.0 = Release|x64
		{0F9FBA3A-D374-4BF1-8E96-0B02C0B4533E}.Release|x86.ActiveCfg = Release|Any CPU
		{0F9FBA3A-D374-4BF1-8E96-0B02C0B4533E}.Release|x86.Build.0 = Release|Any CPU
		{0F9FBA3A-D374-4BF1-8E96-0B02C0B4533E}.Rsharp_app_release|Any CPU.ActiveCfg = Rsharp_app_release|Any CPU
		{0F9FBA3A-D374-4BF1-8E96-0B02C0B4533E}.Rsharp_app_release|Any CPU.Build.0 = Rsharp_app_release|Any CPU
		{0F9FBA3A-D374-4BF1-8E96-0B02C0B4533E}.Rsharp_app_release|x64.ActiveCfg = Rsharp_app_release|x64
		{0F9FBA3A-D374-4BF1-8E96-0B02C0B4533E}.Rsharp_app_release|x64.Build.0 = Rsharp_app_release|x64
		{0F9FBA3A-D374-4BF1-8E96-0B02C0B4533E}.Rsharp_app_release|x86.ActiveCfg = Rsharp_app_release|Any CPU
		{0F9FBA3A-D374-4BF1-8E96-0B02C0B4533E}.Rsharp_app_release|x86.Build.0 = Rsharp_app_release|Any CPU
		{B8506457-E132-4E0C-9117-038D9AF2CDEB}.Debug|Any CPU.ActiveCfg = Debug|Any CPU
		{B8506457-E132-4E0C-9117-038D9AF2CDEB}.Debug|Any CPU.Build.0 = Debug|Any CPU
		{B8506457-E132-4E0C-9117-038D9AF2CDEB}.Debug|x64.ActiveCfg = Debug|x64
		{B8506457-E132-4E0C-9117-038D9AF2CDEB}.Debug|x64.Build.0 = Debug|x64
		{B8506457-E132-4E0C-9117-038D9AF2CDEB}.Debug|x86.ActiveCfg = Debug|Any CPU
		{B8506457-E132-4E0C-9117-038D9AF2CDEB}.Debug|x86.Build.0 = Debug|Any CPU
		{B8506457-E132-4E0C-9117-038D9AF2CDEB}.Docker|Any CPU.ActiveCfg = Debug|Any CPU
		{B8506457-E132-4E0C-9117-038D9AF2CDEB}.Docker|Any CPU.Build.0 = Debug|Any CPU
		{B8506457-E132-4E0C-9117-038D9AF2CDEB}.Docker|x64.ActiveCfg = Debug|x64
		{B8506457-E132-4E0C-9117-038D9AF2CDEB}.Docker|x64.Build.0 = Debug|x64
		{B8506457-E132-4E0C-9117-038D9AF2CDEB}.Docker|x86.ActiveCfg = Debug|Any CPU
		{B8506457-E132-4E0C-9117-038D9AF2CDEB}.Docker|x86.Build.0 = Debug|Any CPU
		{B8506457-E132-4E0C-9117-038D9AF2CDEB}.gcmodeller_desktop|Any CPU.ActiveCfg = Debug|Any CPU
		{B8506457-E132-4E0C-9117-038D9AF2CDEB}.gcmodeller_desktop|Any CPU.Build.0 = Debug|Any CPU
		{B8506457-E132-4E0C-9117-038D9AF2CDEB}.gcmodeller_desktop|x64.ActiveCfg = Debug|x64
		{B8506457-E132-4E0C-9117-038D9AF2CDEB}.gcmodeller_desktop|x64.Build.0 = Debug|x64
		{B8506457-E132-4E0C-9117-038D9AF2CDEB}.gcmodeller_desktop|x86.ActiveCfg = Debug|Any CPU
		{B8506457-E132-4E0C-9117-038D9AF2CDEB}.gcmodeller_desktop|x86.Build.0 = Debug|Any CPU
		{B8506457-E132-4E0C-9117-038D9AF2CDEB}.LipidSearch|Any CPU.ActiveCfg = Debug|Any CPU
		{B8506457-E132-4E0C-9117-038D9AF2CDEB}.LipidSearch|Any CPU.Build.0 = Debug|Any CPU
		{B8506457-E132-4E0C-9117-038D9AF2CDEB}.LipidSearch|x64.ActiveCfg = Debug|x64
		{B8506457-E132-4E0C-9117-038D9AF2CDEB}.LipidSearch|x64.Build.0 = Debug|x64
		{B8506457-E132-4E0C-9117-038D9AF2CDEB}.LipidSearch|x86.ActiveCfg = Debug|Any CPU
		{B8506457-E132-4E0C-9117-038D9AF2CDEB}.LipidSearch|x86.Build.0 = Debug|Any CPU
		{B8506457-E132-4E0C-9117-038D9AF2CDEB}.mzkit_win32|Any CPU.ActiveCfg = mzkit_win32|Any CPU
		{B8506457-E132-4E0C-9117-038D9AF2CDEB}.mzkit_win32|Any CPU.Build.0 = mzkit_win32|Any CPU
		{B8506457-E132-4E0C-9117-038D9AF2CDEB}.mzkit_win32|x64.ActiveCfg = mzkit_win32|x64
		{B8506457-E132-4E0C-9117-038D9AF2CDEB}.mzkit_win32|x64.Build.0 = mzkit_win32|x64
		{B8506457-E132-4E0C-9117-038D9AF2CDEB}.mzkit_win32|x86.ActiveCfg = mzkit_win32|Any CPU
		{B8506457-E132-4E0C-9117-038D9AF2CDEB}.mzkit_win32|x86.Build.0 = mzkit_win32|Any CPU
		{B8506457-E132-4E0C-9117-038D9AF2CDEB}.mzkit|Any CPU.ActiveCfg = mzkit_win32|Any CPU
		{B8506457-E132-4E0C-9117-038D9AF2CDEB}.mzkit|Any CPU.Build.0 = mzkit_win32|Any CPU
		{B8506457-E132-4E0C-9117-038D9AF2CDEB}.mzkit|x64.ActiveCfg = mzkit_win32|x64
		{B8506457-E132-4E0C-9117-038D9AF2CDEB}.mzkit|x64.Build.0 = mzkit_win32|x64
		{B8506457-E132-4E0C-9117-038D9AF2CDEB}.mzkit|x86.ActiveCfg = mzkit_win32|Any CPU
		{B8506457-E132-4E0C-9117-038D9AF2CDEB}.mzkit|x86.Build.0 = mzkit_win32|Any CPU
		{B8506457-E132-4E0C-9117-038D9AF2CDEB}.NPSearch|Any CPU.ActiveCfg = Debug|Any CPU
		{B8506457-E132-4E0C-9117-038D9AF2CDEB}.NPSearch|Any CPU.Build.0 = Debug|Any CPU
		{B8506457-E132-4E0C-9117-038D9AF2CDEB}.NPSearch|x64.ActiveCfg = Debug|x64
		{B8506457-E132-4E0C-9117-038D9AF2CDEB}.NPSearch|x64.Build.0 = Debug|x64
		{B8506457-E132-4E0C-9117-038D9AF2CDEB}.NPSearch|x86.ActiveCfg = Debug|Any CPU
		{B8506457-E132-4E0C-9117-038D9AF2CDEB}.NPSearch|x86.Build.0 = Debug|Any CPU
		{B8506457-E132-4E0C-9117-038D9AF2CDEB}.PlantMAT|Any CPU.ActiveCfg = Debug|Any CPU
		{B8506457-E132-4E0C-9117-038D9AF2CDEB}.PlantMAT|Any CPU.Build.0 = Debug|Any CPU
		{B8506457-E132-4E0C-9117-038D9AF2CDEB}.PlantMAT|x64.ActiveCfg = Debug|x64
		{B8506457-E132-4E0C-9117-038D9AF2CDEB}.PlantMAT|x64.Build.0 = Debug|x64
		{B8506457-E132-4E0C-9117-038D9AF2CDEB}.PlantMAT|x86.ActiveCfg = Debug|Any CPU
		{B8506457-E132-4E0C-9117-038D9AF2CDEB}.PlantMAT|x86.Build.0 = Debug|Any CPU
		{B8506457-E132-4E0C-9117-038D9AF2CDEB}.Release|Any CPU.ActiveCfg = Release|Any CPU
		{B8506457-E132-4E0C-9117-038D9AF2CDEB}.Release|Any CPU.Build.0 = Release|Any CPU
		{B8506457-E132-4E0C-9117-038D9AF2CDEB}.Release|x64.ActiveCfg = Release|x64
		{B8506457-E132-4E0C-9117-038D9AF2CDEB}.Release|x64.Build.0 = Release|x64
		{B8506457-E132-4E0C-9117-038D9AF2CDEB}.Release|x86.ActiveCfg = Release|Any CPU
		{B8506457-E132-4E0C-9117-038D9AF2CDEB}.Release|x86.Build.0 = Release|Any CPU
		{B8506457-E132-4E0C-9117-038D9AF2CDEB}.Rsharp_app_release|Any CPU.ActiveCfg = Rsharp_app_release|Any CPU
		{B8506457-E132-4E0C-9117-038D9AF2CDEB}.Rsharp_app_release|Any CPU.Build.0 = Rsharp_app_release|Any CPU
		{B8506457-E132-4E0C-9117-038D9AF2CDEB}.Rsharp_app_release|x64.ActiveCfg = Rsharp_app_release|x64
		{B8506457-E132-4E0C-9117-038D9AF2CDEB}.Rsharp_app_release|x64.Build.0 = Rsharp_app_release|x64
		{B8506457-E132-4E0C-9117-038D9AF2CDEB}.Rsharp_app_release|x86.ActiveCfg = Rsharp_app_release|Any CPU
		{B8506457-E132-4E0C-9117-038D9AF2CDEB}.Rsharp_app_release|x86.Build.0 = Rsharp_app_release|Any CPU
		{82AAE6C5-48E4-453A-944D-49465BFD811B}.Debug|Any CPU.ActiveCfg = Debug|Any CPU
		{82AAE6C5-48E4-453A-944D-49465BFD811B}.Debug|Any CPU.Build.0 = Debug|Any CPU
		{82AAE6C5-48E4-453A-944D-49465BFD811B}.Debug|x64.ActiveCfg = Debug|x64
		{82AAE6C5-48E4-453A-944D-49465BFD811B}.Debug|x64.Build.0 = Debug|x64
		{82AAE6C5-48E4-453A-944D-49465BFD811B}.Debug|x86.ActiveCfg = Debug|Any CPU
		{82AAE6C5-48E4-453A-944D-49465BFD811B}.Debug|x86.Build.0 = Debug|Any CPU
		{82AAE6C5-48E4-453A-944D-49465BFD811B}.Docker|Any CPU.ActiveCfg = Debug|Any CPU
		{82AAE6C5-48E4-453A-944D-49465BFD811B}.Docker|Any CPU.Build.0 = Debug|Any CPU
		{82AAE6C5-48E4-453A-944D-49465BFD811B}.Docker|x64.ActiveCfg = Debug|x64
		{82AAE6C5-48E4-453A-944D-49465BFD811B}.Docker|x64.Build.0 = Debug|x64
		{82AAE6C5-48E4-453A-944D-49465BFD811B}.Docker|x86.ActiveCfg = Debug|Any CPU
		{82AAE6C5-48E4-453A-944D-49465BFD811B}.Docker|x86.Build.0 = Debug|Any CPU
		{82AAE6C5-48E4-453A-944D-49465BFD811B}.gcmodeller_desktop|Any CPU.ActiveCfg = gcmodeller_desktop|Any CPU
		{82AAE6C5-48E4-453A-944D-49465BFD811B}.gcmodeller_desktop|Any CPU.Build.0 = gcmodeller_desktop|Any CPU
		{82AAE6C5-48E4-453A-944D-49465BFD811B}.gcmodeller_desktop|x64.ActiveCfg = gcmodeller_desktop|x64
		{82AAE6C5-48E4-453A-944D-49465BFD811B}.gcmodeller_desktop|x64.Build.0 = gcmodeller_desktop|x64
		{82AAE6C5-48E4-453A-944D-49465BFD811B}.gcmodeller_desktop|x86.ActiveCfg = gcmodeller_desktop|Any CPU
		{82AAE6C5-48E4-453A-944D-49465BFD811B}.gcmodeller_desktop|x86.Build.0 = gcmodeller_desktop|Any CPU
		{82AAE6C5-48E4-453A-944D-49465BFD811B}.LipidSearch|Any CPU.ActiveCfg = LipidSearch|Any CPU
		{82AAE6C5-48E4-453A-944D-49465BFD811B}.LipidSearch|Any CPU.Build.0 = LipidSearch|Any CPU
		{82AAE6C5-48E4-453A-944D-49465BFD811B}.LipidSearch|x64.ActiveCfg = LipidSearch|x64
		{82AAE6C5-48E4-453A-944D-49465BFD811B}.LipidSearch|x64.Build.0 = LipidSearch|x64
		{82AAE6C5-48E4-453A-944D-49465BFD811B}.LipidSearch|x86.ActiveCfg = LipidSearch|Any CPU
		{82AAE6C5-48E4-453A-944D-49465BFD811B}.LipidSearch|x86.Build.0 = LipidSearch|Any CPU
		{82AAE6C5-48E4-453A-944D-49465BFD811B}.mzkit_win32|Any CPU.ActiveCfg = mzkit|Any CPU
		{82AAE6C5-48E4-453A-944D-49465BFD811B}.mzkit_win32|Any CPU.Build.0 = mzkit|Any CPU
		{82AAE6C5-48E4-453A-944D-49465BFD811B}.mzkit_win32|x64.ActiveCfg = mzkit|x64
		{82AAE6C5-48E4-453A-944D-49465BFD811B}.mzkit_win32|x64.Build.0 = mzkit|x64
		{82AAE6C5-48E4-453A-944D-49465BFD811B}.mzkit_win32|x86.ActiveCfg = mzkit|Any CPU
		{82AAE6C5-48E4-453A-944D-49465BFD811B}.mzkit_win32|x86.Build.0 = mzkit|Any CPU
		{82AAE6C5-48E4-453A-944D-49465BFD811B}.mzkit|Any CPU.ActiveCfg = mzkit|Any CPU
		{82AAE6C5-48E4-453A-944D-49465BFD811B}.mzkit|Any CPU.Build.0 = mzkit|Any CPU
		{82AAE6C5-48E4-453A-944D-49465BFD811B}.mzkit|x64.ActiveCfg = mzkit|x64
		{82AAE6C5-48E4-453A-944D-49465BFD811B}.mzkit|x64.Build.0 = mzkit|x64
		{82AAE6C5-48E4-453A-944D-49465BFD811B}.mzkit|x86.ActiveCfg = mzkit|Any CPU
		{82AAE6C5-48E4-453A-944D-49465BFD811B}.mzkit|x86.Build.0 = mzkit|Any CPU
		{82AAE6C5-48E4-453A-944D-49465BFD811B}.NPSearch|Any CPU.ActiveCfg = NPSearch|Any CPU
		{82AAE6C5-48E4-453A-944D-49465BFD811B}.NPSearch|Any CPU.Build.0 = NPSearch|Any CPU
		{82AAE6C5-48E4-453A-944D-49465BFD811B}.NPSearch|x64.ActiveCfg = NPSearch|x64
		{82AAE6C5-48E4-453A-944D-49465BFD811B}.NPSearch|x64.Build.0 = NPSearch|x64
		{82AAE6C5-48E4-453A-944D-49465BFD811B}.NPSearch|x86.ActiveCfg = NPSearch|Any CPU
		{82AAE6C5-48E4-453A-944D-49465BFD811B}.NPSearch|x86.Build.0 = NPSearch|Any CPU
		{82AAE6C5-48E4-453A-944D-49465BFD811B}.PlantMAT|Any CPU.ActiveCfg = PlantMAT|Any CPU
		{82AAE6C5-48E4-453A-944D-49465BFD811B}.PlantMAT|Any CPU.Build.0 = PlantMAT|Any CPU
		{82AAE6C5-48E4-453A-944D-49465BFD811B}.PlantMAT|x64.ActiveCfg = PlantMAT|x64
		{82AAE6C5-48E4-453A-944D-49465BFD811B}.PlantMAT|x64.Build.0 = PlantMAT|x64
		{82AAE6C5-48E4-453A-944D-49465BFD811B}.PlantMAT|x86.ActiveCfg = PlantMAT|Any CPU
		{82AAE6C5-48E4-453A-944D-49465BFD811B}.PlantMAT|x86.Build.0 = PlantMAT|Any CPU
		{82AAE6C5-48E4-453A-944D-49465BFD811B}.Release|Any CPU.ActiveCfg = Release|Any CPU
		{82AAE6C5-48E4-453A-944D-49465BFD811B}.Release|Any CPU.Build.0 = Release|Any CPU
		{82AAE6C5-48E4-453A-944D-49465BFD811B}.Release|x64.ActiveCfg = Release|x64
		{82AAE6C5-48E4-453A-944D-49465BFD811B}.Release|x64.Build.0 = Release|x64
		{82AAE6C5-48E4-453A-944D-49465BFD811B}.Release|x86.ActiveCfg = Release|Any CPU
		{82AAE6C5-48E4-453A-944D-49465BFD811B}.Release|x86.Build.0 = Release|Any CPU
		{82AAE6C5-48E4-453A-944D-49465BFD811B}.Rsharp_app_release|Any CPU.ActiveCfg = Rsharp_app_release|Any CPU
		{82AAE6C5-48E4-453A-944D-49465BFD811B}.Rsharp_app_release|Any CPU.Build.0 = Rsharp_app_release|Any CPU
		{82AAE6C5-48E4-453A-944D-49465BFD811B}.Rsharp_app_release|x64.ActiveCfg = Rsharp_app_release|x64
		{82AAE6C5-48E4-453A-944D-49465BFD811B}.Rsharp_app_release|x64.Build.0 = Rsharp_app_release|x64
		{82AAE6C5-48E4-453A-944D-49465BFD811B}.Rsharp_app_release|x86.ActiveCfg = Rsharp_app_release|Any CPU
		{82AAE6C5-48E4-453A-944D-49465BFD811B}.Rsharp_app_release|x86.Build.0 = Rsharp_app_release|Any CPU
		{D1F13A3A-98B7-47CF-A3E0-88526DDFA81C}.Debug|Any CPU.ActiveCfg = Debug|Any CPU
		{D1F13A3A-98B7-47CF-A3E0-88526DDFA81C}.Debug|Any CPU.Build.0 = Debug|Any CPU
		{D1F13A3A-98B7-47CF-A3E0-88526DDFA81C}.Debug|x64.ActiveCfg = Debug|x64
		{D1F13A3A-98B7-47CF-A3E0-88526DDFA81C}.Debug|x64.Build.0 = Debug|x64
		{D1F13A3A-98B7-47CF-A3E0-88526DDFA81C}.Debug|x86.ActiveCfg = Debug|Any CPU
		{D1F13A3A-98B7-47CF-A3E0-88526DDFA81C}.Debug|x86.Build.0 = Debug|Any CPU
		{D1F13A3A-98B7-47CF-A3E0-88526DDFA81C}.Docker|Any CPU.ActiveCfg = Debug|Any CPU
		{D1F13A3A-98B7-47CF-A3E0-88526DDFA81C}.Docker|Any CPU.Build.0 = Debug|Any CPU
		{D1F13A3A-98B7-47CF-A3E0-88526DDFA81C}.Docker|x64.ActiveCfg = Debug|x64
		{D1F13A3A-98B7-47CF-A3E0-88526DDFA81C}.Docker|x64.Build.0 = Debug|x64
		{D1F13A3A-98B7-47CF-A3E0-88526DDFA81C}.Docker|x86.ActiveCfg = Debug|Any CPU
		{D1F13A3A-98B7-47CF-A3E0-88526DDFA81C}.Docker|x86.Build.0 = Debug|Any CPU
		{D1F13A3A-98B7-47CF-A3E0-88526DDFA81C}.gcmodeller_desktop|Any CPU.ActiveCfg = gcmodeller_desktop|Any CPU
		{D1F13A3A-98B7-47CF-A3E0-88526DDFA81C}.gcmodeller_desktop|Any CPU.Build.0 = gcmodeller_desktop|Any CPU
		{D1F13A3A-98B7-47CF-A3E0-88526DDFA81C}.gcmodeller_desktop|x64.ActiveCfg = gcmodeller_desktop|x64
		{D1F13A3A-98B7-47CF-A3E0-88526DDFA81C}.gcmodeller_desktop|x64.Build.0 = gcmodeller_desktop|x64
		{D1F13A3A-98B7-47CF-A3E0-88526DDFA81C}.gcmodeller_desktop|x86.ActiveCfg = gcmodeller_desktop|Any CPU
		{D1F13A3A-98B7-47CF-A3E0-88526DDFA81C}.gcmodeller_desktop|x86.Build.0 = gcmodeller_desktop|Any CPU
		{D1F13A3A-98B7-47CF-A3E0-88526DDFA81C}.LipidSearch|Any CPU.ActiveCfg = Debug|Any CPU
		{D1F13A3A-98B7-47CF-A3E0-88526DDFA81C}.LipidSearch|Any CPU.Build.0 = Debug|Any CPU
		{D1F13A3A-98B7-47CF-A3E0-88526DDFA81C}.LipidSearch|x64.ActiveCfg = Debug|x64
		{D1F13A3A-98B7-47CF-A3E0-88526DDFA81C}.LipidSearch|x64.Build.0 = Debug|x64
		{D1F13A3A-98B7-47CF-A3E0-88526DDFA81C}.LipidSearch|x86.ActiveCfg = Debug|Any CPU
		{D1F13A3A-98B7-47CF-A3E0-88526DDFA81C}.LipidSearch|x86.Build.0 = Debug|Any CPU
		{D1F13A3A-98B7-47CF-A3E0-88526DDFA81C}.mzkit_win32|Any CPU.ActiveCfg = mzkit_win32|Any CPU
		{D1F13A3A-98B7-47CF-A3E0-88526DDFA81C}.mzkit_win32|Any CPU.Build.0 = mzkit_win32|Any CPU
		{D1F13A3A-98B7-47CF-A3E0-88526DDFA81C}.mzkit_win32|x64.ActiveCfg = mzkit_win32|x64
		{D1F13A3A-98B7-47CF-A3E0-88526DDFA81C}.mzkit_win32|x64.Build.0 = mzkit_win32|x64
		{D1F13A3A-98B7-47CF-A3E0-88526DDFA81C}.mzkit_win32|x86.ActiveCfg = mzkit_win32|Any CPU
		{D1F13A3A-98B7-47CF-A3E0-88526DDFA81C}.mzkit_win32|x86.Build.0 = mzkit_win32|Any CPU
		{D1F13A3A-98B7-47CF-A3E0-88526DDFA81C}.mzkit|Any CPU.ActiveCfg = mzkit|Any CPU
		{D1F13A3A-98B7-47CF-A3E0-88526DDFA81C}.mzkit|Any CPU.Build.0 = mzkit|Any CPU
		{D1F13A3A-98B7-47CF-A3E0-88526DDFA81C}.mzkit|x64.ActiveCfg = mzkit|x64
		{D1F13A3A-98B7-47CF-A3E0-88526DDFA81C}.mzkit|x64.Build.0 = mzkit|x64
		{D1F13A3A-98B7-47CF-A3E0-88526DDFA81C}.mzkit|x86.ActiveCfg = mzkit|Any CPU
		{D1F13A3A-98B7-47CF-A3E0-88526DDFA81C}.mzkit|x86.Build.0 = mzkit|Any CPU
		{D1F13A3A-98B7-47CF-A3E0-88526DDFA81C}.NPSearch|Any CPU.ActiveCfg = Debug|Any CPU
		{D1F13A3A-98B7-47CF-A3E0-88526DDFA81C}.NPSearch|Any CPU.Build.0 = Debug|Any CPU
		{D1F13A3A-98B7-47CF-A3E0-88526DDFA81C}.NPSearch|x64.ActiveCfg = Debug|x64
		{D1F13A3A-98B7-47CF-A3E0-88526DDFA81C}.NPSearch|x64.Build.0 = Debug|x64
		{D1F13A3A-98B7-47CF-A3E0-88526DDFA81C}.NPSearch|x86.ActiveCfg = Debug|Any CPU
		{D1F13A3A-98B7-47CF-A3E0-88526DDFA81C}.NPSearch|x86.Build.0 = Debug|Any CPU
		{D1F13A3A-98B7-47CF-A3E0-88526DDFA81C}.PlantMAT|Any CPU.ActiveCfg = Debug|Any CPU
		{D1F13A3A-98B7-47CF-A3E0-88526DDFA81C}.PlantMAT|Any CPU.Build.0 = Debug|Any CPU
		{D1F13A3A-98B7-47CF-A3E0-88526DDFA81C}.PlantMAT|x64.ActiveCfg = Debug|x64
		{D1F13A3A-98B7-47CF-A3E0-88526DDFA81C}.PlantMAT|x64.Build.0 = Debug|x64
		{D1F13A3A-98B7-47CF-A3E0-88526DDFA81C}.PlantMAT|x86.ActiveCfg = Debug|Any CPU
		{D1F13A3A-98B7-47CF-A3E0-88526DDFA81C}.PlantMAT|x86.Build.0 = Debug|Any CPU
		{D1F13A3A-98B7-47CF-A3E0-88526DDFA81C}.Release|Any CPU.ActiveCfg = Release|Any CPU
		{D1F13A3A-98B7-47CF-A3E0-88526DDFA81C}.Release|Any CPU.Build.0 = Release|Any CPU
		{D1F13A3A-98B7-47CF-A3E0-88526DDFA81C}.Release|x64.ActiveCfg = Release|x64
		{D1F13A3A-98B7-47CF-A3E0-88526DDFA81C}.Release|x64.Build.0 = Release|x64
		{D1F13A3A-98B7-47CF-A3E0-88526DDFA81C}.Release|x86.ActiveCfg = Release|Any CPU
		{D1F13A3A-98B7-47CF-A3E0-88526DDFA81C}.Release|x86.Build.0 = Release|Any CPU
		{D1F13A3A-98B7-47CF-A3E0-88526DDFA81C}.Rsharp_app_release|Any CPU.ActiveCfg = Rsharp_app_release|Any CPU
		{D1F13A3A-98B7-47CF-A3E0-88526DDFA81C}.Rsharp_app_release|Any CPU.Build.0 = Rsharp_app_release|Any CPU
		{D1F13A3A-98B7-47CF-A3E0-88526DDFA81C}.Rsharp_app_release|x64.ActiveCfg = Rsharp_app_release|x64
		{D1F13A3A-98B7-47CF-A3E0-88526DDFA81C}.Rsharp_app_release|x64.Build.0 = Rsharp_app_release|x64
		{D1F13A3A-98B7-47CF-A3E0-88526DDFA81C}.Rsharp_app_release|x86.ActiveCfg = Rsharp_app_release|Any CPU
		{D1F13A3A-98B7-47CF-A3E0-88526DDFA81C}.Rsharp_app_release|x86.Build.0 = Rsharp_app_release|Any CPU
		{98089098-45F1-40D3-955B-E32ED8D8689F}.Debug|Any CPU.ActiveCfg = Debug|Any CPU
		{98089098-45F1-40D3-955B-E32ED8D8689F}.Debug|Any CPU.Build.0 = Debug|Any CPU
		{98089098-45F1-40D3-955B-E32ED8D8689F}.Debug|x64.ActiveCfg = Debug|x64
		{98089098-45F1-40D3-955B-E32ED8D8689F}.Debug|x64.Build.0 = Debug|x64
		{98089098-45F1-40D3-955B-E32ED8D8689F}.Debug|x86.ActiveCfg = Debug|Any CPU
		{98089098-45F1-40D3-955B-E32ED8D8689F}.Debug|x86.Build.0 = Debug|Any CPU
		{98089098-45F1-40D3-955B-E32ED8D8689F}.Docker|Any CPU.ActiveCfg = Debug|Any CPU
		{98089098-45F1-40D3-955B-E32ED8D8689F}.Docker|Any CPU.Build.0 = Debug|Any CPU
		{98089098-45F1-40D3-955B-E32ED8D8689F}.Docker|x64.ActiveCfg = Debug|x64
		{98089098-45F1-40D3-955B-E32ED8D8689F}.Docker|x64.Build.0 = Debug|x64
		{98089098-45F1-40D3-955B-E32ED8D8689F}.Docker|x86.ActiveCfg = Debug|Any CPU
		{98089098-45F1-40D3-955B-E32ED8D8689F}.Docker|x86.Build.0 = Debug|Any CPU
		{98089098-45F1-40D3-955B-E32ED8D8689F}.gcmodeller_desktop|Any CPU.ActiveCfg = gcmodeller_desktop|Any CPU
		{98089098-45F1-40D3-955B-E32ED8D8689F}.gcmodeller_desktop|Any CPU.Build.0 = gcmodeller_desktop|Any CPU
		{98089098-45F1-40D3-955B-E32ED8D8689F}.gcmodeller_desktop|x64.ActiveCfg = gcmodeller_desktop|x64
		{98089098-45F1-40D3-955B-E32ED8D8689F}.gcmodeller_desktop|x64.Build.0 = gcmodeller_desktop|x64
		{98089098-45F1-40D3-955B-E32ED8D8689F}.gcmodeller_desktop|x86.ActiveCfg = gcmodeller_desktop|Any CPU
		{98089098-45F1-40D3-955B-E32ED8D8689F}.gcmodeller_desktop|x86.Build.0 = gcmodeller_desktop|Any CPU
		{98089098-45F1-40D3-955B-E32ED8D8689F}.LipidSearch|Any CPU.ActiveCfg = LipidSearch|Any CPU
		{98089098-45F1-40D3-955B-E32ED8D8689F}.LipidSearch|Any CPU.Build.0 = LipidSearch|Any CPU
		{98089098-45F1-40D3-955B-E32ED8D8689F}.LipidSearch|x64.ActiveCfg = LipidSearch|x64
		{98089098-45F1-40D3-955B-E32ED8D8689F}.LipidSearch|x64.Build.0 = LipidSearch|x64
		{98089098-45F1-40D3-955B-E32ED8D8689F}.LipidSearch|x86.ActiveCfg = LipidSearch|Any CPU
		{98089098-45F1-40D3-955B-E32ED8D8689F}.LipidSearch|x86.Build.0 = LipidSearch|Any CPU
		{98089098-45F1-40D3-955B-E32ED8D8689F}.mzkit_win32|Any CPU.ActiveCfg = mzkit_win32|Any CPU
		{98089098-45F1-40D3-955B-E32ED8D8689F}.mzkit_win32|Any CPU.Build.0 = mzkit_win32|Any CPU
		{98089098-45F1-40D3-955B-E32ED8D8689F}.mzkit_win32|x64.ActiveCfg = mzkit_win32|x64
		{98089098-45F1-40D3-955B-E32ED8D8689F}.mzkit_win32|x64.Build.0 = mzkit_win32|x64
		{98089098-45F1-40D3-955B-E32ED8D8689F}.mzkit_win32|x86.ActiveCfg = mzkit_win32|Any CPU
		{98089098-45F1-40D3-955B-E32ED8D8689F}.mzkit_win32|x86.Build.0 = mzkit_win32|Any CPU
		{98089098-45F1-40D3-955B-E32ED8D8689F}.mzkit|Any CPU.ActiveCfg = mzkit|Any CPU
		{98089098-45F1-40D3-955B-E32ED8D8689F}.mzkit|Any CPU.Build.0 = mzkit|Any CPU
		{98089098-45F1-40D3-955B-E32ED8D8689F}.mzkit|x64.ActiveCfg = mzkit|x64
		{98089098-45F1-40D3-955B-E32ED8D8689F}.mzkit|x64.Build.0 = mzkit|x64
		{98089098-45F1-40D3-955B-E32ED8D8689F}.mzkit|x86.ActiveCfg = mzkit|Any CPU
		{98089098-45F1-40D3-955B-E32ED8D8689F}.mzkit|x86.Build.0 = mzkit|Any CPU
		{98089098-45F1-40D3-955B-E32ED8D8689F}.NPSearch|Any CPU.ActiveCfg = NPSearch|Any CPU
		{98089098-45F1-40D3-955B-E32ED8D8689F}.NPSearch|Any CPU.Build.0 = NPSearch|Any CPU
		{98089098-45F1-40D3-955B-E32ED8D8689F}.NPSearch|x64.ActiveCfg = NPSearch|x64
		{98089098-45F1-40D3-955B-E32ED8D8689F}.NPSearch|x64.Build.0 = NPSearch|x64
		{98089098-45F1-40D3-955B-E32ED8D8689F}.NPSearch|x86.ActiveCfg = NPSearch|Any CPU
		{98089098-45F1-40D3-955B-E32ED8D8689F}.NPSearch|x86.Build.0 = NPSearch|Any CPU
		{98089098-45F1-40D3-955B-E32ED8D8689F}.PlantMAT|Any CPU.ActiveCfg = Debug|Any CPU
		{98089098-45F1-40D3-955B-E32ED8D8689F}.PlantMAT|Any CPU.Build.0 = Debug|Any CPU
		{98089098-45F1-40D3-955B-E32ED8D8689F}.PlantMAT|x64.ActiveCfg = Debug|x64
		{98089098-45F1-40D3-955B-E32ED8D8689F}.PlantMAT|x64.Build.0 = Debug|x64
		{98089098-45F1-40D3-955B-E32ED8D8689F}.PlantMAT|x86.ActiveCfg = Debug|Any CPU
		{98089098-45F1-40D3-955B-E32ED8D8689F}.PlantMAT|x86.Build.0 = Debug|Any CPU
		{98089098-45F1-40D3-955B-E32ED8D8689F}.Release|Any CPU.ActiveCfg = Release|Any CPU
		{98089098-45F1-40D3-955B-E32ED8D8689F}.Release|Any CPU.Build.0 = Release|Any CPU
		{98089098-45F1-40D3-955B-E32ED8D8689F}.Release|x64.ActiveCfg = Release|x64
		{98089098-45F1-40D3-955B-E32ED8D8689F}.Release|x64.Build.0 = Release|x64
		{98089098-45F1-40D3-955B-E32ED8D8689F}.Release|x86.ActiveCfg = Release|Any CPU
		{98089098-45F1-40D3-955B-E32ED8D8689F}.Release|x86.Build.0 = Release|Any CPU
		{98089098-45F1-40D3-955B-E32ED8D8689F}.Rsharp_app_release|Any CPU.ActiveCfg = Rsharp_app_release|Any CPU
		{98089098-45F1-40D3-955B-E32ED8D8689F}.Rsharp_app_release|Any CPU.Build.0 = Rsharp_app_release|Any CPU
		{98089098-45F1-40D3-955B-E32ED8D8689F}.Rsharp_app_release|x64.ActiveCfg = Rsharp_app_release|x64
		{98089098-45F1-40D3-955B-E32ED8D8689F}.Rsharp_app_release|x64.Build.0 = Rsharp_app_release|x64
		{98089098-45F1-40D3-955B-E32ED8D8689F}.Rsharp_app_release|x86.ActiveCfg = Rsharp_app_release|Any CPU
		{98089098-45F1-40D3-955B-E32ED8D8689F}.Rsharp_app_release|x86.Build.0 = Rsharp_app_release|Any CPU
		{1F5052D4-E688-4095-847D-67B7BF01039C}.Debug|Any CPU.ActiveCfg = Debug|Any CPU
		{1F5052D4-E688-4095-847D-67B7BF01039C}.Debug|Any CPU.Build.0 = Debug|Any CPU
		{1F5052D4-E688-4095-847D-67B7BF01039C}.Debug|x64.ActiveCfg = Debug|x64
		{1F5052D4-E688-4095-847D-67B7BF01039C}.Debug|x64.Build.0 = Debug|x64
		{1F5052D4-E688-4095-847D-67B7BF01039C}.Debug|x86.ActiveCfg = Debug|Any CPU
		{1F5052D4-E688-4095-847D-67B7BF01039C}.Debug|x86.Build.0 = Debug|Any CPU
		{1F5052D4-E688-4095-847D-67B7BF01039C}.Docker|Any CPU.ActiveCfg = Debug|Any CPU
		{1F5052D4-E688-4095-847D-67B7BF01039C}.Docker|Any CPU.Build.0 = Debug|Any CPU
		{1F5052D4-E688-4095-847D-67B7BF01039C}.Docker|x64.ActiveCfg = Debug|x64
		{1F5052D4-E688-4095-847D-67B7BF01039C}.Docker|x64.Build.0 = Debug|x64
		{1F5052D4-E688-4095-847D-67B7BF01039C}.Docker|x86.ActiveCfg = Debug|Any CPU
		{1F5052D4-E688-4095-847D-67B7BF01039C}.Docker|x86.Build.0 = Debug|Any CPU
		{1F5052D4-E688-4095-847D-67B7BF01039C}.gcmodeller_desktop|Any CPU.ActiveCfg = gcmodeller_desktop|Any CPU
		{1F5052D4-E688-4095-847D-67B7BF01039C}.gcmodeller_desktop|Any CPU.Build.0 = gcmodeller_desktop|Any CPU
		{1F5052D4-E688-4095-847D-67B7BF01039C}.gcmodeller_desktop|x64.ActiveCfg = gcmodeller_desktop|x64
		{1F5052D4-E688-4095-847D-67B7BF01039C}.gcmodeller_desktop|x64.Build.0 = gcmodeller_desktop|x64
		{1F5052D4-E688-4095-847D-67B7BF01039C}.gcmodeller_desktop|x86.ActiveCfg = gcmodeller_desktop|Any CPU
		{1F5052D4-E688-4095-847D-67B7BF01039C}.gcmodeller_desktop|x86.Build.0 = gcmodeller_desktop|Any CPU
		{1F5052D4-E688-4095-847D-67B7BF01039C}.LipidSearch|Any CPU.ActiveCfg = LipidSearch|Any CPU
		{1F5052D4-E688-4095-847D-67B7BF01039C}.LipidSearch|Any CPU.Build.0 = LipidSearch|Any CPU
		{1F5052D4-E688-4095-847D-67B7BF01039C}.LipidSearch|x64.ActiveCfg = LipidSearch|x64
		{1F5052D4-E688-4095-847D-67B7BF01039C}.LipidSearch|x64.Build.0 = LipidSearch|x64
		{1F5052D4-E688-4095-847D-67B7BF01039C}.LipidSearch|x86.ActiveCfg = LipidSearch|Any CPU
		{1F5052D4-E688-4095-847D-67B7BF01039C}.LipidSearch|x86.Build.0 = LipidSearch|Any CPU
		{1F5052D4-E688-4095-847D-67B7BF01039C}.mzkit_win32|Any CPU.ActiveCfg = mzkit_win32|Any CPU
		{1F5052D4-E688-4095-847D-67B7BF01039C}.mzkit_win32|Any CPU.Build.0 = mzkit_win32|Any CPU
		{1F5052D4-E688-4095-847D-67B7BF01039C}.mzkit_win32|x64.ActiveCfg = mzkit_win32|x64
		{1F5052D4-E688-4095-847D-67B7BF01039C}.mzkit_win32|x64.Build.0 = mzkit_win32|x64
		{1F5052D4-E688-4095-847D-67B7BF01039C}.mzkit_win32|x86.ActiveCfg = mzkit_win32|Any CPU
		{1F5052D4-E688-4095-847D-67B7BF01039C}.mzkit_win32|x86.Build.0 = mzkit_win32|Any CPU
		{1F5052D4-E688-4095-847D-67B7BF01039C}.mzkit|Any CPU.ActiveCfg = mzkit|Any CPU
		{1F5052D4-E688-4095-847D-67B7BF01039C}.mzkit|Any CPU.Build.0 = mzkit|Any CPU
		{1F5052D4-E688-4095-847D-67B7BF01039C}.mzkit|x64.ActiveCfg = mzkit|x64
		{1F5052D4-E688-4095-847D-67B7BF01039C}.mzkit|x64.Build.0 = mzkit|x64
		{1F5052D4-E688-4095-847D-67B7BF01039C}.mzkit|x86.ActiveCfg = mzkit|Any CPU
		{1F5052D4-E688-4095-847D-67B7BF01039C}.mzkit|x86.Build.0 = mzkit|Any CPU
		{1F5052D4-E688-4095-847D-67B7BF01039C}.NPSearch|Any CPU.ActiveCfg = NPSearch|Any CPU
		{1F5052D4-E688-4095-847D-67B7BF01039C}.NPSearch|Any CPU.Build.0 = NPSearch|Any CPU
		{1F5052D4-E688-4095-847D-67B7BF01039C}.NPSearch|x64.ActiveCfg = NPSearch|x64
		{1F5052D4-E688-4095-847D-67B7BF01039C}.NPSearch|x64.Build.0 = NPSearch|x64
		{1F5052D4-E688-4095-847D-67B7BF01039C}.NPSearch|x86.ActiveCfg = NPSearch|Any CPU
		{1F5052D4-E688-4095-847D-67B7BF01039C}.NPSearch|x86.Build.0 = NPSearch|Any CPU
		{1F5052D4-E688-4095-847D-67B7BF01039C}.PlantMAT|Any CPU.ActiveCfg = Debug|Any CPU
		{1F5052D4-E688-4095-847D-67B7BF01039C}.PlantMAT|Any CPU.Build.0 = Debug|Any CPU
		{1F5052D4-E688-4095-847D-67B7BF01039C}.PlantMAT|x64.ActiveCfg = Debug|x64
		{1F5052D4-E688-4095-847D-67B7BF01039C}.PlantMAT|x64.Build.0 = Debug|x64
		{1F5052D4-E688-4095-847D-67B7BF01039C}.PlantMAT|x86.ActiveCfg = Debug|Any CPU
		{1F5052D4-E688-4095-847D-67B7BF01039C}.PlantMAT|x86.Build.0 = Debug|Any CPU
		{1F5052D4-E688-4095-847D-67B7BF01039C}.Release|Any CPU.ActiveCfg = Release|Any CPU
		{1F5052D4-E688-4095-847D-67B7BF01039C}.Release|Any CPU.Build.0 = Release|Any CPU
		{1F5052D4-E688-4095-847D-67B7BF01039C}.Release|x64.ActiveCfg = Release|x64
		{1F5052D4-E688-4095-847D-67B7BF01039C}.Release|x64.Build.0 = Release|x64
		{1F5052D4-E688-4095-847D-67B7BF01039C}.Release|x86.ActiveCfg = Release|Any CPU
		{1F5052D4-E688-4095-847D-67B7BF01039C}.Release|x86.Build.0 = Release|Any CPU
		{1F5052D4-E688-4095-847D-67B7BF01039C}.Rsharp_app_release|Any CPU.ActiveCfg = Rsharp_app_release|Any CPU
		{1F5052D4-E688-4095-847D-67B7BF01039C}.Rsharp_app_release|Any CPU.Build.0 = Rsharp_app_release|Any CPU
		{1F5052D4-E688-4095-847D-67B7BF01039C}.Rsharp_app_release|x64.ActiveCfg = Rsharp_app_release|x64
		{1F5052D4-E688-4095-847D-67B7BF01039C}.Rsharp_app_release|x64.Build.0 = Rsharp_app_release|x64
		{1F5052D4-E688-4095-847D-67B7BF01039C}.Rsharp_app_release|x86.ActiveCfg = Rsharp_app_release|Any CPU
		{1F5052D4-E688-4095-847D-67B7BF01039C}.Rsharp_app_release|x86.Build.0 = Rsharp_app_release|Any CPU
		{AC6DCCB7-DAB0-43DE-9DA8-69368BE36305}.Debug|Any CPU.ActiveCfg = Debug|Any CPU
		{AC6DCCB7-DAB0-43DE-9DA8-69368BE36305}.Debug|Any CPU.Build.0 = Debug|Any CPU
		{AC6DCCB7-DAB0-43DE-9DA8-69368BE36305}.Debug|x64.ActiveCfg = Debug|x64
		{AC6DCCB7-DAB0-43DE-9DA8-69368BE36305}.Debug|x64.Build.0 = Debug|x64
		{AC6DCCB7-DAB0-43DE-9DA8-69368BE36305}.Debug|x86.ActiveCfg = Debug|Any CPU
		{AC6DCCB7-DAB0-43DE-9DA8-69368BE36305}.Debug|x86.Build.0 = Debug|Any CPU
		{AC6DCCB7-DAB0-43DE-9DA8-69368BE36305}.Docker|Any CPU.ActiveCfg = Debug|Any CPU
		{AC6DCCB7-DAB0-43DE-9DA8-69368BE36305}.Docker|Any CPU.Build.0 = Debug|Any CPU
		{AC6DCCB7-DAB0-43DE-9DA8-69368BE36305}.Docker|x64.ActiveCfg = Debug|x64
		{AC6DCCB7-DAB0-43DE-9DA8-69368BE36305}.Docker|x64.Build.0 = Debug|x64
		{AC6DCCB7-DAB0-43DE-9DA8-69368BE36305}.Docker|x86.ActiveCfg = Debug|Any CPU
		{AC6DCCB7-DAB0-43DE-9DA8-69368BE36305}.Docker|x86.Build.0 = Debug|Any CPU
		{AC6DCCB7-DAB0-43DE-9DA8-69368BE36305}.gcmodeller_desktop|Any CPU.ActiveCfg = Debug|Any CPU
		{AC6DCCB7-DAB0-43DE-9DA8-69368BE36305}.gcmodeller_desktop|Any CPU.Build.0 = Debug|Any CPU
		{AC6DCCB7-DAB0-43DE-9DA8-69368BE36305}.gcmodeller_desktop|x64.ActiveCfg = Debug|x64
		{AC6DCCB7-DAB0-43DE-9DA8-69368BE36305}.gcmodeller_desktop|x64.Build.0 = Debug|x64
		{AC6DCCB7-DAB0-43DE-9DA8-69368BE36305}.gcmodeller_desktop|x86.ActiveCfg = Debug|Any CPU
		{AC6DCCB7-DAB0-43DE-9DA8-69368BE36305}.gcmodeller_desktop|x86.Build.0 = Debug|Any CPU
		{AC6DCCB7-DAB0-43DE-9DA8-69368BE36305}.LipidSearch|Any CPU.ActiveCfg = Debug|Any CPU
		{AC6DCCB7-DAB0-43DE-9DA8-69368BE36305}.LipidSearch|Any CPU.Build.0 = Debug|Any CPU
		{AC6DCCB7-DAB0-43DE-9DA8-69368BE36305}.LipidSearch|x64.ActiveCfg = Debug|x64
		{AC6DCCB7-DAB0-43DE-9DA8-69368BE36305}.LipidSearch|x64.Build.0 = Debug|x64
		{AC6DCCB7-DAB0-43DE-9DA8-69368BE36305}.LipidSearch|x86.ActiveCfg = Debug|Any CPU
		{AC6DCCB7-DAB0-43DE-9DA8-69368BE36305}.LipidSearch|x86.Build.0 = Debug|Any CPU
		{AC6DCCB7-DAB0-43DE-9DA8-69368BE36305}.mzkit_win32|Any CPU.ActiveCfg = mzkit_win32|Any CPU
		{AC6DCCB7-DAB0-43DE-9DA8-69368BE36305}.mzkit_win32|Any CPU.Build.0 = mzkit_win32|Any CPU
		{AC6DCCB7-DAB0-43DE-9DA8-69368BE36305}.mzkit_win32|x64.ActiveCfg = mzkit_win32|x64
		{AC6DCCB7-DAB0-43DE-9DA8-69368BE36305}.mzkit_win32|x64.Build.0 = mzkit_win32|x64
		{AC6DCCB7-DAB0-43DE-9DA8-69368BE36305}.mzkit_win32|x86.ActiveCfg = mzkit_win32|Any CPU
		{AC6DCCB7-DAB0-43DE-9DA8-69368BE36305}.mzkit_win32|x86.Build.0 = mzkit_win32|Any CPU
		{AC6DCCB7-DAB0-43DE-9DA8-69368BE36305}.mzkit|Any CPU.ActiveCfg = mzkit_win32|Any CPU
		{AC6DCCB7-DAB0-43DE-9DA8-69368BE36305}.mzkit|Any CPU.Build.0 = mzkit_win32|Any CPU
		{AC6DCCB7-DAB0-43DE-9DA8-69368BE36305}.mzkit|x64.ActiveCfg = mzkit_win32|x64
		{AC6DCCB7-DAB0-43DE-9DA8-69368BE36305}.mzkit|x64.Build.0 = mzkit_win32|x64
		{AC6DCCB7-DAB0-43DE-9DA8-69368BE36305}.mzkit|x86.ActiveCfg = mzkit_win32|Any CPU
		{AC6DCCB7-DAB0-43DE-9DA8-69368BE36305}.mzkit|x86.Build.0 = mzkit_win32|Any CPU
		{AC6DCCB7-DAB0-43DE-9DA8-69368BE36305}.NPSearch|Any CPU.ActiveCfg = Debug|Any CPU
		{AC6DCCB7-DAB0-43DE-9DA8-69368BE36305}.NPSearch|Any CPU.Build.0 = Debug|Any CPU
		{AC6DCCB7-DAB0-43DE-9DA8-69368BE36305}.NPSearch|x64.ActiveCfg = Debug|x64
		{AC6DCCB7-DAB0-43DE-9DA8-69368BE36305}.NPSearch|x64.Build.0 = Debug|x64
		{AC6DCCB7-DAB0-43DE-9DA8-69368BE36305}.NPSearch|x86.ActiveCfg = Debug|Any CPU
		{AC6DCCB7-DAB0-43DE-9DA8-69368BE36305}.NPSearch|x86.Build.0 = Debug|Any CPU
		{AC6DCCB7-DAB0-43DE-9DA8-69368BE36305}.PlantMAT|Any CPU.ActiveCfg = Debug|Any CPU
		{AC6DCCB7-DAB0-43DE-9DA8-69368BE36305}.PlantMAT|Any CPU.Build.0 = Debug|Any CPU
		{AC6DCCB7-DAB0-43DE-9DA8-69368BE36305}.PlantMAT|x64.ActiveCfg = Debug|x64
		{AC6DCCB7-DAB0-43DE-9DA8-69368BE36305}.PlantMAT|x64.Build.0 = Debug|x64
		{AC6DCCB7-DAB0-43DE-9DA8-69368BE36305}.PlantMAT|x86.ActiveCfg = Debug|Any CPU
		{AC6DCCB7-DAB0-43DE-9DA8-69368BE36305}.PlantMAT|x86.Build.0 = Debug|Any CPU
		{AC6DCCB7-DAB0-43DE-9DA8-69368BE36305}.Release|Any CPU.ActiveCfg = Release|Any CPU
		{AC6DCCB7-DAB0-43DE-9DA8-69368BE36305}.Release|Any CPU.Build.0 = Release|Any CPU
		{AC6DCCB7-DAB0-43DE-9DA8-69368BE36305}.Release|x64.ActiveCfg = Release|x64
		{AC6DCCB7-DAB0-43DE-9DA8-69368BE36305}.Release|x64.Build.0 = Release|x64
		{AC6DCCB7-DAB0-43DE-9DA8-69368BE36305}.Release|x86.ActiveCfg = Release|Any CPU
		{AC6DCCB7-DAB0-43DE-9DA8-69368BE36305}.Release|x86.Build.0 = Release|Any CPU
		{AC6DCCB7-DAB0-43DE-9DA8-69368BE36305}.Rsharp_app_release|Any CPU.ActiveCfg = Rsharp_app_release|Any CPU
		{AC6DCCB7-DAB0-43DE-9DA8-69368BE36305}.Rsharp_app_release|Any CPU.Build.0 = Rsharp_app_release|Any CPU
		{AC6DCCB7-DAB0-43DE-9DA8-69368BE36305}.Rsharp_app_release|x64.ActiveCfg = Rsharp_app_release|x64
		{AC6DCCB7-DAB0-43DE-9DA8-69368BE36305}.Rsharp_app_release|x64.Build.0 = Rsharp_app_release|x64
		{AC6DCCB7-DAB0-43DE-9DA8-69368BE36305}.Rsharp_app_release|x86.ActiveCfg = Rsharp_app_release|Any CPU
		{AC6DCCB7-DAB0-43DE-9DA8-69368BE36305}.Rsharp_app_release|x86.Build.0 = Rsharp_app_release|Any CPU
		{6E51A4D5-82A0-464E-8C75-FE733B905866}.Debug|Any CPU.ActiveCfg = Debug|Any CPU
		{6E51A4D5-82A0-464E-8C75-FE733B905866}.Debug|Any CPU.Build.0 = Debug|Any CPU
		{6E51A4D5-82A0-464E-8C75-FE733B905866}.Debug|x64.ActiveCfg = Debug|x64
		{6E51A4D5-82A0-464E-8C75-FE733B905866}.Debug|x64.Build.0 = Debug|x64
		{6E51A4D5-82A0-464E-8C75-FE733B905866}.Debug|x86.ActiveCfg = Debug|Any CPU
		{6E51A4D5-82A0-464E-8C75-FE733B905866}.Debug|x86.Build.0 = Debug|Any CPU
		{6E51A4D5-82A0-464E-8C75-FE733B905866}.Docker|Any CPU.ActiveCfg = Docker|Any CPU
		{6E51A4D5-82A0-464E-8C75-FE733B905866}.Docker|Any CPU.Build.0 = Docker|Any CPU
		{6E51A4D5-82A0-464E-8C75-FE733B905866}.Docker|x64.ActiveCfg = Docker|x64
		{6E51A4D5-82A0-464E-8C75-FE733B905866}.Docker|x64.Build.0 = Docker|x64
		{6E51A4D5-82A0-464E-8C75-FE733B905866}.Docker|x86.ActiveCfg = Docker|Any CPU
		{6E51A4D5-82A0-464E-8C75-FE733B905866}.Docker|x86.Build.0 = Docker|Any CPU
		{6E51A4D5-82A0-464E-8C75-FE733B905866}.gcmodeller_desktop|Any CPU.ActiveCfg = gcmodeller_desktop|Any CPU
		{6E51A4D5-82A0-464E-8C75-FE733B905866}.gcmodeller_desktop|Any CPU.Build.0 = gcmodeller_desktop|Any CPU
		{6E51A4D5-82A0-464E-8C75-FE733B905866}.gcmodeller_desktop|x64.ActiveCfg = gcmodeller_desktop|x64
		{6E51A4D5-82A0-464E-8C75-FE733B905866}.gcmodeller_desktop|x64.Build.0 = gcmodeller_desktop|x64
		{6E51A4D5-82A0-464E-8C75-FE733B905866}.gcmodeller_desktop|x86.ActiveCfg = gcmodeller_desktop|Any CPU
		{6E51A4D5-82A0-464E-8C75-FE733B905866}.gcmodeller_desktop|x86.Build.0 = gcmodeller_desktop|Any CPU
		{6E51A4D5-82A0-464E-8C75-FE733B905866}.LipidSearch|Any CPU.ActiveCfg = LipidSearch|Any CPU
		{6E51A4D5-82A0-464E-8C75-FE733B905866}.LipidSearch|Any CPU.Build.0 = LipidSearch|Any CPU
		{6E51A4D5-82A0-464E-8C75-FE733B905866}.LipidSearch|x64.ActiveCfg = LipidSearch|x64
		{6E51A4D5-82A0-464E-8C75-FE733B905866}.LipidSearch|x64.Build.0 = LipidSearch|x64
		{6E51A4D5-82A0-464E-8C75-FE733B905866}.LipidSearch|x86.ActiveCfg = LipidSearch|Any CPU
		{6E51A4D5-82A0-464E-8C75-FE733B905866}.LipidSearch|x86.Build.0 = LipidSearch|Any CPU
		{6E51A4D5-82A0-464E-8C75-FE733B905866}.mzkit_win32|Any CPU.ActiveCfg = mzkit_win32|Any CPU
		{6E51A4D5-82A0-464E-8C75-FE733B905866}.mzkit_win32|Any CPU.Build.0 = mzkit_win32|Any CPU
		{6E51A4D5-82A0-464E-8C75-FE733B905866}.mzkit_win32|x64.ActiveCfg = mzkit_win32|x64
		{6E51A4D5-82A0-464E-8C75-FE733B905866}.mzkit_win32|x64.Build.0 = mzkit_win32|x64
		{6E51A4D5-82A0-464E-8C75-FE733B905866}.mzkit_win32|x86.ActiveCfg = mzkit_win32|Any CPU
		{6E51A4D5-82A0-464E-8C75-FE733B905866}.mzkit_win32|x86.Build.0 = mzkit_win32|Any CPU
		{6E51A4D5-82A0-464E-8C75-FE733B905866}.mzkit|Any CPU.ActiveCfg = mzkit|Any CPU
		{6E51A4D5-82A0-464E-8C75-FE733B905866}.mzkit|Any CPU.Build.0 = mzkit|Any CPU
		{6E51A4D5-82A0-464E-8C75-FE733B905866}.mzkit|x64.ActiveCfg = mzkit|x64
		{6E51A4D5-82A0-464E-8C75-FE733B905866}.mzkit|x64.Build.0 = mzkit|x64
		{6E51A4D5-82A0-464E-8C75-FE733B905866}.mzkit|x86.ActiveCfg = mzkit|Any CPU
		{6E51A4D5-82A0-464E-8C75-FE733B905866}.mzkit|x86.Build.0 = mzkit|Any CPU
		{6E51A4D5-82A0-464E-8C75-FE733B905866}.NPSearch|Any CPU.ActiveCfg = NPSearch|Any CPU
		{6E51A4D5-82A0-464E-8C75-FE733B905866}.NPSearch|Any CPU.Build.0 = NPSearch|Any CPU
		{6E51A4D5-82A0-464E-8C75-FE733B905866}.NPSearch|x64.ActiveCfg = NPSearch|x64
		{6E51A4D5-82A0-464E-8C75-FE733B905866}.NPSearch|x64.Build.0 = NPSearch|x64
		{6E51A4D5-82A0-464E-8C75-FE733B905866}.NPSearch|x86.ActiveCfg = NPSearch|Any CPU
		{6E51A4D5-82A0-464E-8C75-FE733B905866}.NPSearch|x86.Build.0 = NPSearch|Any CPU
		{6E51A4D5-82A0-464E-8C75-FE733B905866}.PlantMAT|Any CPU.ActiveCfg = PlantMAT|Any CPU
		{6E51A4D5-82A0-464E-8C75-FE733B905866}.PlantMAT|Any CPU.Build.0 = PlantMAT|Any CPU
		{6E51A4D5-82A0-464E-8C75-FE733B905866}.PlantMAT|x64.ActiveCfg = PlantMAT|x64
		{6E51A4D5-82A0-464E-8C75-FE733B905866}.PlantMAT|x64.Build.0 = PlantMAT|x64
		{6E51A4D5-82A0-464E-8C75-FE733B905866}.PlantMAT|x86.ActiveCfg = PlantMAT|Any CPU
		{6E51A4D5-82A0-464E-8C75-FE733B905866}.PlantMAT|x86.Build.0 = PlantMAT|Any CPU
		{6E51A4D5-82A0-464E-8C75-FE733B905866}.Release|Any CPU.ActiveCfg = Release|Any CPU
		{6E51A4D5-82A0-464E-8C75-FE733B905866}.Release|Any CPU.Build.0 = Release|Any CPU
		{6E51A4D5-82A0-464E-8C75-FE733B905866}.Release|x64.ActiveCfg = Release|x64
		{6E51A4D5-82A0-464E-8C75-FE733B905866}.Release|x64.Build.0 = Release|x64
		{6E51A4D5-82A0-464E-8C75-FE733B905866}.Release|x86.ActiveCfg = Release|Any CPU
		{6E51A4D5-82A0-464E-8C75-FE733B905866}.Release|x86.Build.0 = Release|Any CPU
		{6E51A4D5-82A0-464E-8C75-FE733B905866}.Rsharp_app_release|Any CPU.ActiveCfg = Rsharp_app_release|Any CPU
		{6E51A4D5-82A0-464E-8C75-FE733B905866}.Rsharp_app_release|Any CPU.Build.0 = Rsharp_app_release|Any CPU
		{6E51A4D5-82A0-464E-8C75-FE733B905866}.Rsharp_app_release|x64.ActiveCfg = Rsharp_app_release|x64
		{6E51A4D5-82A0-464E-8C75-FE733B905866}.Rsharp_app_release|x64.Build.0 = Rsharp_app_release|x64
		{6E51A4D5-82A0-464E-8C75-FE733B905866}.Rsharp_app_release|x86.ActiveCfg = Rsharp_app_release|Any CPU
		{6E51A4D5-82A0-464E-8C75-FE733B905866}.Rsharp_app_release|x86.Build.0 = Rsharp_app_release|Any CPU
	EndGlobalSection
	GlobalSection(SolutionProperties) = preSolution
		HideSolutionNode = FALSE
	EndGlobalSection
	GlobalSection(NestedProjects) = preSolution
		{D7C28140-F61C-4184-9C0A-33E6EAE9FD42} = {E105E544-0A9A-429A-B6F2-0D9930EEE5BB}
		{438FAC40-0D96-4E29-8065-4077660C49C4} = {E105E544-0A9A-429A-B6F2-0D9930EEE5BB}
		{744C233D-7B9D-437E-A154-49AF3EE9C5ED} = {E105E544-0A9A-429A-B6F2-0D9930EEE5BB}
		{0F9FBA3A-D374-4BF1-8E96-0B02C0B4533E} = {BEBD89F5-6AD3-4724-8CEB-603AC5507E3F}
		{82AAE6C5-48E4-453A-944D-49465BFD811B} = {7CA4C2D5-4615-4CDB-BC57-A48CE3D3DE52}
		{D1F13A3A-98B7-47CF-A3E0-88526DDFA81C} = {7CA4C2D5-4615-4CDB-BC57-A48CE3D3DE52}
		{53AF2B13-CCD5-4F73-94D5-612191E785A9} = {7CA4C2D5-4615-4CDB-BC57-A48CE3D3DE52}
		{3DB4F673-68C2-41EA-B7DC-8CAF8BAB574D} = {7CA4C2D5-4615-4CDB-BC57-A48CE3D3DE52}
		{98089098-45F1-40D3-955B-E32ED8D8689F} = {BEBD89F5-6AD3-4724-8CEB-603AC5507E3F}
		{1F5052D4-E688-4095-847D-67B7BF01039C} = {BEBD89F5-6AD3-4724-8CEB-603AC5507E3F}
		{AC6DCCB7-DAB0-43DE-9DA8-69368BE36305} = {438FAC40-0D96-4E29-8065-4077660C49C4}
		{6E51A4D5-82A0-464E-8C75-FE733B905866} = {D7C28140-F61C-4184-9C0A-33E6EAE9FD42}
		{BEBD89F5-6AD3-4724-8CEB-603AC5507E3F} = {E105E544-0A9A-429A-B6F2-0D9930EEE5BB}
	EndGlobalSection
	GlobalSection(ExtensibilityGlobals) = postSolution
		SolutionGuid = {F3147C19-2FF7-4B83-BA43-08DF0D36409C}
	EndGlobalSection
	GlobalSection(SharedMSBuildProjectFiles) = preSolution
		..\GCModeller\src\R-sharp\Library\shares\R_plot.interop\R_plot.interop.projitems*{3db4f673-68c2-41ea-b7dc-8caf8bab574d}*SharedItemsImports = 13
		..\GCModeller\src\R-sharp\Library\shares\R_graphic.interop\R_graphic.interop.projitems*{53af2b13-ccd5-4f73-94d5-612191e785a9}*SharedItemsImports = 13
		..\GCModeller\src\R-sharp\Library\shares\R_graphic.interop\R_graphic.interop.projitems*{b8506457-e132-4e0c-9117-038d9af2cdeb}*SharedItemsImports = 5
		..\GCModeller\src\R-sharp\studio\Rstudio.common\Rstudio.common.projitems*{d1f13a3a-98b7-47cf-a3e0-88526ddfa81c}*SharedItemsImports = 5
	EndGlobalSection
EndGlobal
